// !$*UTF8*$!
{
	archiveVersion = 1;
	classes = {
	};
	objectVersion = 50;
	objects = {

/* Begin PBXBuildFile section */
		CF999B9B2238EE6300423B5C /* AppDelegate.swift in Sources */ = {isa = PBXBuildFile; fileRef = CF999B9A2238EE6300423B5C /* AppDelegate.swift */; };
		CF999B9D2238EE6300423B5C /* ViewController.swift in Sources */ = {isa = PBXBuildFile; fileRef = CF999B9C2238EE6300423B5C /* ViewController.swift */; };
		CF999BA02238EE6300423B5C /* Main.storyboard in Resources */ = {isa = PBXBuildFile; fileRef = CF999B9E2238EE6300423B5C /* Main.storyboard */; };
		CF999BA22238EE7100423B5C /* Assets.xcassets in Resources */ = {isa = PBXBuildFile; fileRef = CF999BA12238EE7100423B5C /* Assets.xcassets */; };
		CF999BA52238EE7100423B5C /* LaunchScreen.storyboard in Resources */ = {isa = PBXBuildFile; fileRef = CF999BA32238EE7100423B5C /* LaunchScreen.storyboard */; };
		CF999BB02238EE7100423B5C /* OverSleptExcuseTests.swift in Sources */ = {isa = PBXBuildFile; fileRef = CF999BAF2238EE7100423B5C /* OverSleptExcuseTests.swift */; };
		CF999BBB2238EE7100423B5C /* OverSleptExcuseUITests.swift in Sources */ = {isa = PBXBuildFile; fileRef = CF999BBA2238EE7100423B5C /* OverSleptExcuseUITests.swift */; };
		CF999BC92238FC4D00423B5C /* SettingViewController.swift in Sources */ = {isa = PBXBuildFile; fileRef = CF999BC82238FC4D00423B5C /* SettingViewController.swift */; };
		CF999BCC2238FCA600423B5C /* String.swift in Sources */ = {isa = PBXBuildFile; fileRef = CF999BCB2238FCA600423B5C /* String.swift */; };
/* End PBXBuildFile section */

/* Begin PBXContainerItemProxy section */
		CF999BAC2238EE7100423B5C /* PBXContainerItemProxy */ = {
			isa = PBXContainerItemProxy;
			containerPortal = CF999B8F2238EE6300423B5C /* Project object */;
			proxyType = 1;
			remoteGlobalIDString = CF999B962238EE6300423B5C;
			remoteInfo = OverSleptExcuse;
		};
		CF999BB72238EE7100423B5C /* PBXContainerItemProxy */ = {
			isa = PBXContainerItemProxy;
			containerPortal = CF999B8F2238EE6300423B5C /* Project object */;
			proxyType = 1;
			remoteGlobalIDString = CF999B962238EE6300423B5C;
			remoteInfo = OverSleptExcuse;
		};
/* End PBXContainerItemProxy section */

/* Begin PBXFileReference section */
		CF999B972238EE6300423B5C /* OverSleptExcuse.app */ = {isa = PBXFileReference; explicitFileType = wrapper.application; includeInIndex = 0; path = OverSleptExcuse.app; sourceTree = BUILT_PRODUCTS_DIR; };
		CF999B9A2238EE6300423B5C /* AppDelegate.swift */ = {isa = PBXFileReference; lastKnownFileType = sourcecode.swift; path = AppDelegate.swift; sourceTree = "<group>"; };
		CF999B9C2238EE6300423B5C /* ViewController.swift */ = {isa = PBXFileReference; lastKnownFileType = sourcecode.swift; path = ViewController.swift; sourceTree = "<group>"; };
		CF999B9F2238EE6300423B5C /* Base */ = {isa = PBXFileReference; lastKnownFileType = file.storyboard; name = Base; path = Base.lproj/Main.storyboard; sourceTree = "<group>"; };
		CF999BA12238EE7100423B5C /* Assets.xcassets */ = {isa = PBXFileReference; lastKnownFileType = folder.assetcatalog; path = Assets.xcassets; sourceTree = "<group>"; };
		CF999BA42238EE7100423B5C /* Base */ = {isa = PBXFileReference; lastKnownFileType = file.storyboard; name = Base; path = Base.lproj/LaunchScreen.storyboard; sourceTree = "<group>"; };
		CF999BA62238EE7100423B5C /* Info.plist */ = {isa = PBXFileReference; lastKnownFileType = text.plist.xml; path = Info.plist; sourceTree = "<group>"; };
		CF999BAB2238EE7100423B5C /* OverSleptExcuseTests.xctest */ = {isa = PBXFileReference; explicitFileType = wrapper.cfbundle; includeInIndex = 0; path = OverSleptExcuseTests.xctest; sourceTree = BUILT_PRODUCTS_DIR; };
		CF999BAF2238EE7100423B5C /* OverSleptExcuseTests.swift */ = {isa = PBXFileReference; lastKnownFileType = sourcecode.swift; path = OverSleptExcuseTests.swift; sourceTree = "<group>"; };
		CF999BB12238EE7100423B5C /* Info.plist */ = {isa = PBXFileReference; lastKnownFileType = text.plist.xml; path = Info.plist; sourceTree = "<group>"; };
		CF999BB62238EE7100423B5C /* OverSleptExcuseUITests.xctest */ = {isa = PBXFileReference; explicitFileType = wrapper.cfbundle; includeInIndex = 0; path = OverSleptExcuseUITests.xctest; sourceTree = BUILT_PRODUCTS_DIR; };
		CF999BBA2238EE7100423B5C /* OverSleptExcuseUITests.swift */ = {isa = PBXFileReference; lastKnownFileType = sourcecode.swift; path = OverSleptExcuseUITests.swift; sourceTree = "<group>"; };
		CF999BBC2238EE7100423B5C /* Info.plist */ = {isa = PBXFileReference; lastKnownFileType = text.plist.xml; path = Info.plist; sourceTree = "<group>"; };
		CF999BC82238FC4D00423B5C /* SettingViewController.swift */ = {isa = PBXFileReference; lastKnownFileType = sourcecode.swift; path = SettingViewController.swift; sourceTree = "<group>"; };
		CF999BCB2238FCA600423B5C /* String.swift */ = {isa = PBXFileReference; lastKnownFileType = sourcecode.swift; path = String.swift; sourceTree = "<group>"; };
/* End PBXFileReference section */

/* Begin PBXFrameworksBuildPhase section */
		CF999B942238EE6300423B5C /* Frameworks */ = {
			isa = PBXFrameworksBuildPhase;
			buildActionMask = 2147483647;
			files = (
			);
			runOnlyForDeploymentPostprocessing = 0;
		};
		CF999BA82238EE7100423B5C /* Frameworks */ = {
			isa = PBXFrameworksBuildPhase;
			buildActionMask = 2147483647;
			files = (
			);
			runOnlyForDeploymentPostprocessing = 0;
		};
		CF999BB32238EE7100423B5C /* Frameworks */ = {
			isa = PBXFrameworksBuildPhase;
			buildActionMask = 2147483647;
			files = (
			);
			runOnlyForDeploymentPostprocessing = 0;
		};
/* End PBXFrameworksBuildPhase section */

/* Begin PBXGroup section */
		CF999B8E2238EE6300423B5C = {
			isa = PBXGroup;
			children = (
				CF999BCA2238FC8400423B5C /* Extension */,
				CF999B992238EE6300423B5C /* OverSleptExcuse */,
				CF999BAE2238EE7100423B5C /* OverSleptExcuseTests */,
				CF999BB92238EE7100423B5C /* OverSleptExcuseUITests */,
				CF999B982238EE6300423B5C /* Products */,
			);
			sourceTree = "<group>";
		};
		CF999B982238EE6300423B5C /* Products */ = {
			isa = PBXGroup;
			children = (
				CF999B972238EE6300423B5C /* OverSleptExcuse.app */,
				CF999BAB2238EE7100423B5C /* OverSleptExcuseTests.xctest */,
				CF999BB62238EE7100423B5C /* OverSleptExcuseUITests.xctest */,
			);
			name = Products;
			sourceTree = "<group>";
		};
		CF999B992238EE6300423B5C /* OverSleptExcuse */ = {
			isa = PBXGroup;
			children = (
				CF999B9A2238EE6300423B5C /* AppDelegate.swift */,
				CF999B9C2238EE6300423B5C /* ViewController.swift */,
				CF999B9E2238EE6300423B5C /* Main.storyboard */,
				CF999BA12238EE7100423B5C /* Assets.xcassets */,
				CF999BA32238EE7100423B5C /* LaunchScreen.storyboard */,
				CF999BA62238EE7100423B5C /* Info.plist */,
				CF999BC82238FC4D00423B5C /* SettingViewController.swift */,
			);
			path = OverSleptExcuse;
			sourceTree = "<group>";
		};
		CF999BAE2238EE7100423B5C /* OverSleptExcuseTests */ = {
			isa = PBXGroup;
			children = (
				CF999BAF2238EE7100423B5C /* OverSleptExcuseTests.swift */,
				CF999BB12238EE7100423B5C /* Info.plist */,
			);
			path = OverSleptExcuseTests;
			sourceTree = "<group>";
		};
		CF999BB92238EE7100423B5C /* OverSleptExcuseUITests */ = {
			isa = PBXGroup;
			children = (
				CF999BBA2238EE7100423B5C /* OverSleptExcuseUITests.swift */,
				CF999BBC2238EE7100423B5C /* Info.plist */,
			);
			path = OverSleptExcuseUITests;
			sourceTree = "<group>";
		};
		CF999BCA2238FC8400423B5C /* Extension */ = {
			isa = PBXGroup;
			children = (
				CF999BCB2238FCA600423B5C /* String.swift */,
			);
			path = Extension;
			sourceTree = "<group>";
		};
/* End PBXGroup section */

/* Begin PBXNativeTarget section */
		CF999B962238EE6300423B5C /* OverSleptExcuse */ = {
			isa = PBXNativeTarget;
			buildConfigurationList = CF999BBF2238EE7100423B5C /* Build configuration list for PBXNativeTarget "OverSleptExcuse" */;
			buildPhases = (
				CF999B932238EE6300423B5C /* Sources */,
				CF999B942238EE6300423B5C /* Frameworks */,
				CF999B952238EE6300423B5C /* Resources */,
			);
			buildRules = (
			);
			dependencies = (
			);
			name = OverSleptExcuse;
			productName = OverSleptExcuse;
			productReference = CF999B972238EE6300423B5C /* OverSleptExcuse.app */;
			productType = "com.apple.product-type.application";
		};
		CF999BAA2238EE7100423B5C /* OverSleptExcuseTests */ = {
			isa = PBXNativeTarget;
			buildConfigurationList = CF999BC22238EE7100423B5C /* Build configuration list for PBXNativeTarget "OverSleptExcuseTests" */;
			buildPhases = (
				CF999BA72238EE7100423B5C /* Sources */,
				CF999BA82238EE7100423B5C /* Frameworks */,
				CF999BA92238EE7100423B5C /* Resources */,
			);
			buildRules = (
			);
			dependencies = (
				CF999BAD2238EE7100423B5C /* PBXTargetDependency */,
			);
			name = OverSleptExcuseTests;
			productName = OverSleptExcuseTests;
			productReference = CF999BAB2238EE7100423B5C /* OverSleptExcuseTests.xctest */;
			productType = "com.apple.product-type.bundle.unit-test";
		};
		CF999BB52238EE7100423B5C /* OverSleptExcuseUITests */ = {
			isa = PBXNativeTarget;
			buildConfigurationList = CF999BC52238EE7100423B5C /* Build configuration list for PBXNativeTarget "OverSleptExcuseUITests" */;
			buildPhases = (
				CF999BB22238EE7100423B5C /* Sources */,
				CF999BB32238EE7100423B5C /* Frameworks */,
				CF999BB42238EE7100423B5C /* Resources */,
			);
			buildRules = (
			);
			dependencies = (
				CF999BB82238EE7100423B5C /* PBXTargetDependency */,
			);
			name = OverSleptExcuseUITests;
			productName = OverSleptExcuseUITests;
			productReference = CF999BB62238EE7100423B5C /* OverSleptExcuseUITests.xctest */;
			productType = "com.apple.product-type.bundle.ui-testing";
		};
/* End PBXNativeTarget section */

/* Begin PBXProject section */
		CF999B8F2238EE6300423B5C /* Project object */ = {
			isa = PBXProject;
			attributes = {
				LastSwiftUpdateCheck = 1010;
				LastUpgradeCheck = 1010;
				ORGANIZATIONNAME = kikyo;
				TargetAttributes = {
					CF999B962238EE6300423B5C = {
						CreatedOnToolsVersion = 10.1;
					};
					CF999BAA2238EE7100423B5C = {
						CreatedOnToolsVersion = 10.1;
						TestTargetID = CF999B962238EE6300423B5C;
					};
					CF999BB52238EE7100423B5C = {
						CreatedOnToolsVersion = 10.1;
						TestTargetID = CF999B962238EE6300423B5C;
					};
				};
			};
			buildConfigurationList = CF999B922238EE6300423B5C /* Build configuration list for PBXProject "OverSleptExcuse" */;
			compatibilityVersion = "Xcode 9.3";
			developmentRegion = en;
			hasScannedForEncodings = 0;
			knownRegions = (
				en,
				Base,
			);
			mainGroup = CF999B8E2238EE6300423B5C;
			productRefGroup = CF999B982238EE6300423B5C /* Products */;
			projectDirPath = "";
			projectRoot = "";
			targets = (
				CF999B962238EE6300423B5C /* OverSleptExcuse */,
				CF999BAA2238EE7100423B5C /* OverSleptExcuseTests */,
				CF999BB52238EE7100423B5C /* OverSleptExcuseUITests */,
			);
		};
/* End PBXProject section */

/* Begin PBXResourcesBuildPhase section */
		CF999B952238EE6300423B5C /* Resources */ = {
			isa = PBXResourcesBuildPhase;
			buildActionMask = 2147483647;
			files = (
				CF999BA52238EE7100423B5C /* LaunchScreen.storyboard in Resources */,
				CF999BA22238EE7100423B5C /* Assets.xcassets in Resources */,
				CF999BA02238EE6300423B5C /* Main.storyboard in Resources */,
			);
			runOnlyForDeploymentPostprocessing = 0;
		};
		CF999BA92238EE7100423B5C /* Resources */ = {
			isa = PBXResourcesBuildPhase;
			buildActionMask = 2147483647;
			files = (
			);
			runOnlyForDeploymentPostprocessing = 0;
		};
		CF999BB42238EE7100423B5C /* Resources */ = {
			isa = PBXResourcesBuildPhase;
			buildActionMask = 2147483647;
			files = (
			);
			runOnlyForDeploymentPostprocessing = 0;
		};
/* End PBXResourcesBuildPhase section */

/* Begin PBXSourcesBuildPhase section */
		CF999B932238EE6300423B5C /* Sources */ = {
			isa = PBXSourcesBuildPhase;
			buildActionMask = 2147483647;
			files = (
				CF999B9D2238EE6300423B5C /* ViewController.swift in Sources */,
				CF999B9B2238EE6300423B5C /* AppDelegate.swift in Sources */,
				CF999BCC2238FCA600423B5C /* String.swift in Sources */,
				CF999BC92238FC4D00423B5C /* SettingViewController.swift in Sources */,
			);
			runOnlyForDeploymentPostprocessing = 0;
		};
		CF999BA72238EE7100423B5C /* Sources */ = {
			isa = PBXSourcesBuildPhase;
			buildActionMask = 2147483647;
			files = (
				CF999BB02238EE7100423B5C /* OverSleptExcuseTests.swift in Sources */,
			);
			runOnlyForDeploymentPostprocessing = 0;
		};
		CF999BB22238EE7100423B5C /* Sources */ = {
			isa = PBXSourcesBuildPhase;
			buildActionMask = 2147483647;
			files = (
				CF999BBB2238EE7100423B5C /* OverSleptExcuseUITests.swift in Sources */,
			);
			runOnlyForDeploymentPostprocessing = 0;
		};
/* End PBXSourcesBuildPhase section */

/* Begin PBXTargetDependency section */
		CF999BAD2238EE7100423B5C /* PBXTargetDependency */ = {
			isa = PBXTargetDependency;
			target = CF999B962238EE6300423B5C /* OverSleptExcuse */;
			targetProxy = CF999BAC2238EE7100423B5C /* PBXContainerItemProxy */;
		};
		CF999BB82238EE7100423B5C /* PBXTargetDependency */ = {
			isa = PBXTargetDependency;
			target = CF999B962238EE6300423B5C /* OverSleptExcuse */;
			targetProxy = CF999BB72238EE7100423B5C /* PBXContainerItemProxy */;
		};
/* End PBXTargetDependency section */

/* Begin PBXVariantGroup section */
		CF999B9E2238EE6300423B5C /* Main.storyboard */ = {
			isa = PBXVariantGroup;
			children = (
				CF999B9F2238EE6300423B5C /* Base */,
			);
			name = Main.storyboard;
			sourceTree = "<group>";
		};
		CF999BA32238EE7100423B5C /* LaunchScreen.storyboard */ = {
			isa = PBXVariantGroup;
			children = (
				CF999BA42238EE7100423B5C /* Base */,
			);
			name = LaunchScreen.storyboard;
			sourceTree = "<group>";
		};
/* End PBXVariantGroup section */

/* Begin XCBuildConfiguration section */
		CF999BBD2238EE7100423B5C /* Debug */ = {
			isa = XCBuildConfiguration;
			buildSettings = {
				ALWAYS_SEARCH_USER_PATHS = NO;
				CLANG_ANALYZER_NONNULL = YES;
				CLANG_ANALYZER_NUMBER_OBJECT_CONVERSION = YES_AGGRESSIVE;
				CLANG_CXX_LANGUAGE_STANDARD = "gnu++14";
				CLANG_CXX_LIBRARY = "libc++";
				CLANG_ENABLE_MODULES = YES;
				CLANG_ENABLE_OBJC_ARC = YES;
				CLANG_ENABLE_OBJC_WEAK = YES;
				CLANG_WARN_BLOCK_CAPTURE_AUTORELEASING = YES;
				CLANG_WARN_BOOL_CONVERSION = YES;
				CLANG_WARN_COMMA = YES;
				CLANG_WARN_CONSTANT_CONVERSION = YES;
				CLANG_WARN_DEPRECATED_OBJC_IMPLEMENTATIONS = YES;
				CLANG_WARN_DIRECT_OBJC_ISA_USAGE = YES_ERROR;
				CLANG_WARN_DOCUMENTATION_COMMENTS = YES;
				CLANG_WARN_EMPTY_BODY = YES;
				CLANG_WARN_ENUM_CONVERSION = YES;
				CLANG_WARN_INFINITE_RECURSION = YES;
				CLANG_WARN_INT_CONVERSION = YES;
				CLANG_WARN_NON_LITERAL_NULL_CONVERSION = YES;
				CLANG_WARN_OBJC_IMPLICIT_RETAIN_SELF = YES;
				CLANG_WARN_OBJC_LITERAL_CONVERSION = YES;
				CLANG_WARN_OBJC_ROOT_CLASS = YES_ERROR;
				CLANG_WARN_RANGE_LOOP_ANALYSIS = YES;
				CLANG_WARN_STRICT_PROTOTYPES = YES;
				CLANG_WARN_SUSPICIOUS_MOVE = YES;
				CLANG_WARN_UNGUARDED_AVAILABILITY = YES_AGGRESSIVE;
				CLANG_WARN_UNREACHABLE_CODE = YES;
				CLANG_WARN__DUPLICATE_METHOD_MATCH = YES;
				CODE_SIGN_IDENTITY = "iPhone Developer";
				COPY_PHASE_STRIP = NO;
				DEBUG_INFORMATION_FORMAT = dwarf;
				ENABLE_STRICT_OBJC_MSGSEND = YES;
				ENABLE_TESTABILITY = YES;
				GCC_C_LANGUAGE_STANDARD = gnu11;
				GCC_DYNAMIC_NO_PIC = NO;
				GCC_NO_COMMON_BLOCKS = YES;
				GCC_OPTIMIZATION_LEVEL = 0;
				GCC_PREPROCESSOR_DEFINITIONS = (
					"DEBUG=1",
					"$(inherited)",
				);
				GCC_WARN_64_TO_32_BIT_CONVERSION = YES;
				GCC_WARN_ABOUT_RETURN_TYPE = YES_ERROR;
				GCC_WARN_UNDECLARED_SELECTOR = YES;
				GCC_WARN_UNINITIALIZED_AUTOS = YES_AGGRESSIVE;
				GCC_WARN_UNUSED_FUNCTION = YES;
				GCC_WARN_UNUSED_VARIABLE = YES;
				IPHONEOS_DEPLOYMENT_TARGET = 12.1;
				MTL_ENABLE_DEBUG_INFO = INCLUDE_SOURCE;
				MTL_FAST_MATH = YES;
				ONLY_ACTIVE_ARCH = YES;
				SDKROOT = iphoneos;
				SWIFT_ACTIVE_COMPILATION_CONDITIONS = DEBUG;
				SWIFT_OPTIMIZATION_LEVEL = "-Onone";
			};
			name = Debug;
		};
		CF999BBE2238EE7100423B5C /* Release */ = {
			isa = XCBuildConfiguration;
			buildSettings = {
				ALWAYS_SEARCH_USER_PATHS = NO;
				CLANG_ANALYZER_NONNULL = YES;
				CLANG_ANALYZER_NUMBER_OBJECT_CONVERSION = YES_AGGRESSIVE;
				CLANG_CXX_LANGUAGE_STANDARD = "gnu++14";
				CLANG_CXX_LIBRARY = "libc++";
				CLANG_ENABLE_MODULES = YES;
				CLANG_ENABLE_OBJC_ARC = YES;
				CLANG_ENABLE_OBJC_WEAK = YES;
				CLANG_WARN_BLOCK_CAPTURE_AUTORELEASING = YES;
				CLANG_WARN_BOOL_CONVERSION = YES;
				CLANG_WARN_COMMA = YES;
				CLANG_WARN_CONSTANT_CONVERSION = YES;
				CLANG_WARN_DEPRECATED_OBJC_IMPLEMENTATIONS = YES;
				CLANG_WARN_DIRECT_OBJC_ISA_USAGE = YES_ERROR;
				CLANG_WARN_DOCUMENTATION_COMMENTS = YES;
				CLANG_WARN_EMPTY_BODY = YES;
				CLANG_WARN_ENUM_CONVERSION = YES;
				CLANG_WARN_INFINITE_RECURSION = YES;
				CLANG_WARN_INT_CONVERSION = YES;
				CLANG_WARN_NON_LITERAL_NULL_CONVERSION = YES;
				CLANG_WARN_OBJC_IMPLICIT_RETAIN_SELF = YES;
				CLANG_WARN_OBJC_LITERAL_CONVERSION = YES;
				CLANG_WARN_OBJC_ROOT_CLASS = YES_ERROR;
				CLANG_WARN_RANGE_LOOP_ANALYSIS = YES;
				CLANG_WARN_STRICT_PROTOTYPES = YES;
				CLANG_WARN_SUSPICIOUS_MOVE = YES;
				CLANG_WARN_UNGUARDED_AVAILABILITY = YES_AGGRESSIVE;
				CLANG_WARN_UNREACHABLE_CODE = YES;
				CLANG_WARN__DUPLICATE_METHOD_MATCH = YES;
				CODE_SIGN_IDENTITY = "iPhone Developer";
				COPY_PHASE_STRIP = NO;
				DEBUG_INFORMATION_FORMAT = "dwarf-with-dsym";
				ENABLE_NS_ASSERTIONS = NO;
				ENABLE_STRICT_OBJC_MSGSEND = YES;
				GCC_C_LANGUAGE_STANDARD = gnu11;
				GCC_NO_COMMON_BLOCKS = YES;
				GCC_WARN_64_TO_32_BIT_CONVERSION = YES;
				GCC_WARN_ABOUT_RETURN_TYPE = YES_ERROR;
				GCC_WARN_UNDECLARED_SELECTOR = YES;
				GCC_WARN_UNINITIALIZED_AUTOS = YES_AGGRESSIVE;
				GCC_WARN_UNUSED_FUNCTION = YES;
				GCC_WARN_UNUSED_VARIABLE = YES;
				IPHONEOS_DEPLOYMENT_TARGET = 12.1;
				MTL_ENABLE_DEBUG_INFO = NO;
				MTL_FAST_MATH = YES;
				SDKROOT = iphoneos;
				SWIFT_COMPILATION_MODE = wholemodule;
				SWIFT_OPTIMIZATION_LEVEL = "-O";
				VALIDATE_PRODUCT = YES;
			};
			name = Release;
		};
		CF999BC02238EE7100423B5C /* Debug */ = {
			isa = XCBuildConfiguration;
			buildSettings = {
				ASSETCATALOG_COMPILER_APPICON_NAME = AppIcon;
				CODE_SIGN_STYLE = Automatic;
				INFOPLIST_FILE = OverSleptExcuse/Info.plist;
				LD_RUNPATH_SEARCH_PATHS = (
					"$(inherited)",
					"@executable_path/Frameworks",
				);
				PRODUCT_BUNDLE_IDENTIFIER = com.kikyos.OverSleptExcuse;
				PRODUCT_NAME = "$(TARGET_NAME)";
				SWIFT_VERSION = 4.2;
				TARGETED_DEVICE_FAMILY = "1,2";
			};
			name = Debug;
		};
		CF999BC12238EE7100423B5C /* Release */ = {
			isa = XCBuildConfiguration;
			buildSettings = {
				ASSETCATALOG_COMPILER_APPICON_NAME = AppIcon;
				CODE_SIGN_STYLE = Automatic;
				INFOPLIST_FILE = OverSleptExcuse/Info.plist;
				LD_RUNPATH_SEARCH_PATHS = (
					"$(inherited)",
					"@executable_path/Frameworks",
				);
				PRODUCT_BUNDLE_IDENTIFIER = com.kikyos.OverSleptExcuse;
				PRODUCT_NAME = "$(TARGET_NAME)";
				SWIFT_VERSION = 4.2;
				TARGETED_DEVICE_FAMILY = "1,2";
			};
			name = Release;
		};
		CF999BC32238EE7100423B5C /* Debug */ = {
			isa = XCBuildConfiguration;
			buildSettings = {
				ALWAYS_EMBED_SWIFT_STANDARD_LIBRARIES = YES;
				BUNDLE_LOADER = "$(TEST_HOST)";
				CODE_SIGN_STYLE = Automatic;
				INFOPLIST_FILE = OverSleptExcuseTests/Info.plist;
				LD_RUNPATH_SEARCH_PATHS = (
					"$(inherited)",
					"@executable_path/Frameworks",
					"@loader_path/Frameworks",
				);
				PRODUCT_BUNDLE_IDENTIFIER = com.kikyos.OverSleptExcuseTests;
				PRODUCT_NAME = "$(TARGET_NAME)";
				SWIFT_VERSION = 4.2;
				TARGETED_DEVICE_FAMILY = "1,2";
				TEST_HOST = "$(BUILT_PRODUCTS_DIR)/OverSleptExcuse.app/OverSleptExcuse";
			};
			name = Debug;
		};
		CF999BC42238EE7100423B5C /* Release */ = {
			isa = XCBuildConfiguration;
			buildSettings = {
				ALWAYS_EMBED_SWIFT_STANDARD_LIBRARIES = YES;
				BUNDLE_LOADER = "$(TEST_HOST)";
				CODE_SIGN_STYLE = Automatic;
				INFOPLIST_FILE = OverSleptExcuseTests/Info.plist;
				LD_RUNPATH_SEARCH_PATHS = (
					"$(inherited)",
					"@executable_path/Frameworks",
					"@loader_path/Frameworks",
				);
				PRODUCT_BUNDLE_IDENTIFIER = com.kikyos.OverSleptExcuseTests;
				PRODUCT_NAME = "$(TARGET_NAME)";
				SWIFT_VERSION = 4.2;
				TARGETED_DEVICE_FAMILY = "1,2";
				TEST_HOST = "$(BUILT_PRODUCTS_DIR)/OverSleptExcuse.app/OverSleptExcuse";
			};
			name = Release;
		};
		CF999BC62238EE7100423B5C /* Debug */ = {
			isa = XCBuildConfiguration;
			buildSettings = {
				ALWAYS_EMBED_SWIFT_STANDARD_LIBRARIES = YES;
				CODE_SIGN_STYLE = Automatic;
				INFOPLIST_FILE = OverSleptExcuseUITests/Info.plist;
				LD_RUNPATH_SEARCH_PATHS = (
					"$(inherited)",
					"@executable_path/Frameworks",
					"@loader_path/Frameworks",
				);
				PRODUCT_BUNDLE_IDENTIFIER = com.kikyos.OverSleptExcuseUITests;
				PRODUCT_NAME = "$(TARGET_NAME)";
				SWIFT_VERSION = 4.2;
				TARGETED_DEVICE_FAMILY = "1,2";
				TEST_TARGET_NAME = OverSleptExcuse;
			};
			name = Debug;
		};
		CF999BC72238EE7100423B5C /* Release */ = {
			isa = XCBuildConfiguration;
			buildSettings = {
				ALWAYS_EMBED_SWIFT_STANDARD_LIBRARIES = YES;
				CODE_SIGN_STYLE = Automatic;
				INFOPLIST_FILE = OverSleptExcuseUITests/Info.plist;
				LD_RUNPATH_SEARCH_PATHS = (
					"$(inherited)",
					"@executable_path/Frameworks",
					"@loader_path/Frameworks",
				);
				PRODUCT_BUNDLE_IDENTIFIER = com.kikyos.OverSleptExcuseUITests;
				PRODUCT_NAME = "$(TARGET_NAME)";
				SWIFT_VERSION = 4.2;
				TARGETED_DEVICE_FAMILY = "1,2";
				TEST_TARGET_NAME = OverSleptExcuse;
			};
			name = Release;
		};
/* End XCBuildConfiguration section */

/* Begin XCConfigurationList section */
		CF999B922238EE6300423B5C /* Build configuration list for PBXProject "OverSleptExcuse" */ = {
			isa = XCConfigurationList;
			buildConfigurations = (
				CF999BBD2238EE7100423B5C /* Debug */,
				CF999BBE2238EE7100423B5C /* Release */,
			);
			defaultConfigurationIsVisible = 0;
			defaultConfigurationName = Release;
		};
		CF999BBF2238EE7100423B5C /* Build configuration list for PBXNativeTarget "OverSleptExcuse" */ = {
			isa = XCConfigurationList;
			buildConfigurations = (
				CF999BC02238EE7100423B5C /* Debug */,
				CF999BC12238EE7100423B5C /* Release */,
			);
			defaultConfigurationIsVisible = 0;
			defaultConfigurationName = Release;
		};
		CF999BC22238EE7100423B5C /* Build configuration list for PBXNativeTarget "OverSleptExcuseTests" */ = {
			isa = XCConfigurationList;
			buildConfigurations = (
				CF999BC32238EE7100423B5C /* Debug */,
				CF999BC42238EE7100423B5C /* Release */,
			);
			defaultConfigurationIsVisible = 0;
			defaultConfigurationName = Release;
		};
		CF999BC52238EE7100423B5C /* Build configuration list for PBXNativeTarget "OverSleptExcuseUITests" */ = {
			isa = XCConfigurationList;
			buildConfigurations = (
				CF999BC62238EE7100423B5C /* Debug */,
				CF999BC72238EE7100423B5C /* Release */,
			);
			defaultConfigurationIsVisible = 0;
			defaultConfigurationName = Release;
		};
/* End XCConfigurationList section */
	};
	rootObject = CF999B8F2238EE6300423B5C /* Project object */;
}
